
Microsoft Visual Studio Solution File, Format Version 12.00
# Visual Studio Version 16
VisualStudioVersion = 16.0.29318.209
MinimumVisualStudioVersion = 10.0.40219.1
Project("{FAE04EC0-301F-11D3-BF4B-00C04F79EFBC}") = "ToDoList", "ToDoList\ToDoList.csproj", "{A4FAFE37-29C8-4315-AF64-0BA01AFEAD30}"
EndProject
Project("{FAE04EC0-301F-11D3-BF4B-00C04F79EFBC}") = "ToDoTest", "ToDoTest\ToDoTest.csproj", "{91EA1E2B-F52A-4EA4-B758-3ACEC692966D}"
EndProject
Global
	GlobalSection(SolutionConfigurationPlatforms) = preSolution
		Debug|Any CPU = Debug|Any CPU
		Release|Any CPU = Release|Any CPU
	EndGlobalSection
	GlobalSection(ProjectConfigurationPlatforms) = postSolution
		{A4FAFE37-29C8-4315-AF64-0BA01AFEAD30}.Debug|Any CPU.ActiveCfg = Debug|Any CPU
		{A4FAFE37-29C8-4315-AF64-0BA01AFEAD30}.Debug|Any CPU.Build.0 = Debug|Any CPU
		{A4FAFE37-29C8-4315-AF64-0BA01AFEAD30}.Release|Any CPU.ActiveCfg = Release|Any CPU
		{A4FAFE37-29C8-4315-AF64-0BA01AFEAD30}.Release|Any CPU.Build.0 = Release|Any CPU
		{91EA1E2B-F52A-4EA4-B758-3ACEC692966D}.Debug|Any CPU.ActiveCfg = Debug|Any CPU
		{91EA1E2B-F52A-4EA4-B758-3ACEC692966D}.Debug|Any CPU.Build.0 = Debug|Any CPU
		{91EA1E2B-F52A-4EA4-B758-3ACEC692966D}.Release|Any CPU.ActiveCfg = Release|Any CPU
		{91EA1E2B-F52A-4EA4-B758-3ACEC692966D}.Release|Any CPU.Build.0 = Release|Any CPU
	EndGlobalSection
	GlobalSection(SolutionProperties) = preSolution
		HideSolutionNode = FALSE
	EndGlobalSection
	GlobalSection(ExtensibilityGlobals) = postSolution
		SolutionGuid = {EDF77E62-1B9E-4048-8C72-64707D83B35F}
	EndGlobalSection
EndGlobal
